PODS:
  - Alamofire (5.2.2)
  - CoreStore (7.3.0)
  - Crashlytics (3.14.0):
    - Fabric (~> 1.10.2)
  - Fabric (1.10.2)
  - Firebase/Analytics (6.34.0):
    - Firebase/Core
  - Firebase/Core (6.34.0):
    - Firebase/CoreOnly
    - FirebaseAnalytics (= 6.9.0)
  - Firebase/CoreOnly (6.34.0):
    - FirebaseCore (= 6.10.4)
  - FirebaseAnalytics (6.9.0):
    - FirebaseCore (~> 6.10)
    - FirebaseInstallations (~> 1.7)
    - GoogleAppMeasurement (= 6.9.0)
    - GoogleUtilities/AppDelegateSwizzler (~> 6.7)
    - GoogleUtilities/MethodSwizzler (~> 6.7)
    - GoogleUtilities/Network (~> 6.7)
    - "GoogleUtilities/NSData+zlib (~> 6.7)"
    - nanopb (~> 1.30906.0)
  - FirebaseCore (6.10.4):
    - FirebaseCoreDiagnostics (~> 1.6)
    - GoogleUtilities/Environment (~> 6.7)
    - GoogleUtilities/Logger (~> 6.7)
  - FirebaseCoreDiagnostics (1.7.0):
    - GoogleDataTransport (~> 7.4)
    - GoogleUtilities/Environment (~> 6.7)
    - GoogleUtilities/Logger (~> 6.7)
    - nanopb (~> 1.30906.0)
  - FirebaseInstallations (1.7.0):
    - FirebaseCore (~> 6.10)
    - GoogleUtilities/Environment (~> 6.7)
    - GoogleUtilities/UserDefaults (~> 6.7)
    - PromisesObjC (~> 1.2)
  - GoogleAppMeasurement (6.9.0):
    - GoogleUtilities/AppDelegateSwizzler (~> 6.7)
    - GoogleUtilities/MethodSwizzler (~> 6.7)
    - GoogleUtilities/Network (~> 6.7)
    - "GoogleUtilities/NSData+zlib (~> 6.7)"
    - nanopb (~> 1.30906.0)
  - GoogleDataTransport (7.5.0):
    - nanopb (~> 1.30906.0)
  - GoogleUtilities/AppDelegateSwizzler (6.7.2):
    - GoogleUtilities/Environment
    - GoogleUtilities/Logger
    - GoogleUtilities/Network
  - GoogleUtilities/Environment (6.7.2):
    - PromisesObjC (~> 1.2)
  - GoogleUtilities/Logger (6.7.2):
    - GoogleUtilities/Environment
  - GoogleUtilities/MethodSwizzler (6.7.2):
    - GoogleUtilities/Logger
  - GoogleUtilities/Network (6.7.2):
    - GoogleUtilities/Logger
    - "GoogleUtilities/NSData+zlib"
    - GoogleUtilities/Reachability
  - "GoogleUtilities/NSData+zlib (6.7.2)"
  - GoogleUtilities/Reachability (6.7.2):
    - GoogleUtilities/Logger
  - GoogleUtilities/UserDefaults (6.7.2):
    - GoogleUtilities/Logger
  - Haptica (3.0.2)
  - IQKeyboardManagerSwift (6.3.0)
  - JTAppleCalendar (8.0.3)
  - KeychainAccess (4.2.1)
  - Kingfisher (5.7.1)
  - Moya (14.0.0):
    - Moya/Core (= 14.0.0)
  - Moya/Core (14.0.0):
    - Alamofire (~> 5.0)
  - nanopb (1.30906.0):
    - nanopb/decode (= 1.30906.0)
    - nanopb/encode (= 1.30906.0)
  - nanopb/decode (1.30906.0)
  - nanopb/encode (1.30906.0)
  - PinLayout (1.8.13)
  - PromisesObjC (1.2.11)
  - PromisesSwift (1.2.11):
    - PromisesObjC (= 1.2.11)
  - PryntTrimmerView (4.0.2)
  - SegementSlide (3.0.1)
  - SnapKit (5.0.1)
  - SteviaLayout (4.7.3)
  - YPImagePicker (4.4.0):
    - PryntTrimmerView (~> 4.0.2)
    - SteviaLayout (~> 4.7.3)

DEPENDENCIES:
  - CoreStore (~> 7.2)
  - Crashlytics (~> 3.14.0)
  - Fabric (~> 1.10.2)
  - Firebase/Analytics
  - Haptica
  - IQKeyboardManagerSwift (~> 6.3.0)
  - JTAppleCalendar
  - KeychainAccess
  - Kingfisher (~> 5.7.1)
  - Moya
  - PinLayout (~> 1.8.7)
  - PromisesSwift
  - SegementSlide (~> 3.0.1)
  - SnapKit
  - YPImagePicker

SPEC REPOS:
  trunk:
    - Alamofire
    - CoreStore
    - Crashlytics
    - Fabric
    - Firebase
    - FirebaseAnalytics
    - FirebaseCore
    - FirebaseCoreDiagnostics
    - FirebaseInstallations
    - GoogleAppMeasurement
    - GoogleDataTransport
    - GoogleUtilities
    - Haptica
    - IQKeyboardManagerSwift
    - JTAppleCalendar
    - KeychainAccess
    - Kingfisher
    - Moya
    - nanopb
    - PinLayout
    - PromisesObjC
    - PromisesSwift
    - PryntTrimmerView
    - SegementSlide
    - SnapKit
    - SteviaLayout
    - YPImagePicker

SPEC CHECKSUMS:
  Alamofire: 814429acc853c6c54ff123fc3d2ef66803823ce0
  CoreStore: d9c0ab3095dea26504bf76e6d8a042a4cb071e35
  Crashlytics: 9220f5bc89e7a618df411b4f639389dbfb0e03d2
  Fabric: ea977e3cd9c20425516d3dafd3bf8c941c51223f
  Firebase: c23a36d9e4cdf7877dfcba8dd0c58add66358999
  FirebaseAnalytics: 3bb096873ee0d7fa4b6c70f5e9166b6da413cc7f
  FirebaseCore: d3a978a3cfa3240bf7e4ba7d137fdf5b22b628ec
  FirebaseCoreDiagnostics: 770ac5958e1372ce67959ae4b4f31d8e127c3ac1
  FirebaseInstallations: 466c7b4d1f58fe16707693091da253726a731ed2
  GoogleAppMeasurement: a6a3a066369828db64eda428cb2856dc1cdc7c4e
  GoogleDataTransport: 445302b7da4216da63071a4c29e7023f47192e5a
  GoogleUtilities: 7f2f5a07f888cdb145101d6042bc4422f57e70b3
  Haptica: dc206651beeca25ab4744c633fbf0ae4d1e86baf
  IQKeyboardManagerSwift: a8228c257614af98743b4cd8584637025f36358f
  JTAppleCalendar: 932cadea40b1051beab10f67843451d48ba16c99
  KeychainAccess: 9b07f665298d13c3a85881bd3171f6f49b8151c1
  Kingfisher: 176d377ad339113c99ad4980cbae687f807e20fe
  Moya: 5b45dacb75adb009f97fde91c204c1e565d31916
  nanopb: 59317e09cf1f1a0af72f12af412d54edf52603fc
  PinLayout: e41a50260a76508b7a7fcee8955c76639adc69bc
  PromisesObjC: 8c196f5a328c2cba3e74624585467a557dcb482f
  PromisesSwift: fed4eb6f7a29846a22624d1b86b77e1dedb88724
  PryntTrimmerView: 6a43cc90df5d99addeabd33d4ba09b1365322130
  SegementSlide: 83b56ffb66b9c0edc4e4f2a74229309c62915db3
  SnapKit: 97b92857e3df3a0c71833cce143274bf6ef8e5eb
  SteviaLayout: c2ecdcff57d44e38fd2f65e54ad52aeae28ca0c4
  YPImagePicker: 15aed8bcaa4dad976e11b6114126d731a2f9f3c9

PODFILE CHECKSUM: 33bd702386262c21ef7f5d989b97115653f4ea46

COCOAPODS: 1.9.3
